{
  "version": "4",
  "specifiers": {
    "jsr:@std/assert@^1.0.11": "1.0.11",
    "jsr:@std/cli@^1.0.12": "1.0.12",
    "jsr:@std/encoding@^1.0.7": "1.0.7",
    "jsr:@std/fmt@^1.0.5": "1.0.5",
    "jsr:@std/html@^1.0.3": "1.0.3",
    "jsr:@std/http@^1.0.13": "1.0.13",
    "jsr:@std/internal@^1.0.5": "1.0.5",
    "jsr:@std/media-types@^1.1.0": "1.1.0",
    "jsr:@std/net@^1.0.4": "1.0.4",
    "jsr:@std/path@^1.0.8": "1.0.8",
    "jsr:@std/streams@^1.0.9": "1.0.9",
    "npm:simple-icons@^14.6.0": "14.6.0",
    "npm:svg-path-bbox@^2.1.0": "2.1.0",
    "npm:svgpath@^2.6.0": "2.6.0"
  },
  "jsr": {
    "@std/assert@1.0.11": {
      "integrity": "2461ef3c368fe88bc60e186e7744a93112f16fd110022e113a0849e94d1c83c1",
      "dependencies": [
        "jsr:@std/internal"
      ]
    },
    "@std/cli@1.0.12": {
      "integrity": "e5cfb7814d189da174ecd7a34fbbd63f3513e24a1b307feb2fcd5da47a070d90"
    },
    "@std/encoding@1.0.7": {
      "integrity": "f631247c1698fef289f2de9e2a33d571e46133b38d042905e3eac3715030a82d"
    },
    "@std/fmt@1.0.5": {
      "integrity": "0cfab43364bc36650d83c425cd6d99910fc20c4576631149f0f987eddede1a4d"
    },
    "@std/html@1.0.3": {
      "integrity": "7a0ac35e050431fb49d44e61c8b8aac1ebd55937e0dc9ec6409aa4bab39a7988"
    },
    "@std/http@1.0.13": {
      "integrity": "d29618b982f7ae44380111f7e5b43da59b15db64101198bb5f77100d44eb1e1e",
      "dependencies": [
        "jsr:@std/cli",
        "jsr:@std/encoding",
        "jsr:@std/fmt",
        "jsr:@std/html",
        "jsr:@std/media-types",
        "jsr:@std/net",
        "jsr:@std/path",
        "jsr:@std/streams"
      ]
    },
    "@std/internal@1.0.5": {
      "integrity": "54a546004f769c1ac9e025abd15a76b6671ddc9687e2313b67376125650dc7ba"
    },
    "@std/media-types@1.1.0": {
      "integrity": "c9d093f0c05c3512932b330e3cc1fe1d627b301db33a4c2c2185c02471d6eaa4"
    },
    "@std/net@1.0.4": {
      "integrity": "2f403b455ebbccf83d8a027d29c5a9e3a2452fea39bb2da7f2c04af09c8bc852"
    },
    "@std/path@1.0.7": {
      "integrity": "76a689e07f0e15dcc6002ec39d0866797e7156629212b28f27179b8a5c3b33a1"
    },
    "@std/path@1.0.8": {
      "integrity": "548fa456bb6a04d3c1a1e7477986b6cffbce95102d0bb447c67c4ee70e0364be"
    },
    "@std/streams@1.0.7": {
      "integrity": "1a93917ca0c58c01b2bfb93647189229b1702677f169b6fb61ad6241cd2e499b"
    },
    "@std/streams@1.0.9": {
      "integrity": "a9d26b1988cdd7aa7b1f4b51e1c36c1557f3f252880fa6cc5b9f37078b1a5035"
    }
  },
  "npm": {
    "simple-icons@14.6.0": {
      "integrity": "sha512-s2C9qwZJpM2gkDpCeVxlN5/XpvCTM444pPX9JvLWRiFL7npZIjQISHR7EYUe7IgGEFyznmoRmM8VdJm5LQih+g=="
    },
    "svg-path-bbox@2.1.0": {
      "integrity": "sha512-PEoSQFbBvL7FOCE4cN8Knej6L7bXdNkjPcUYsfMMpq0HpnqiO0sE2mcXTd7LX160aOyh5HbaeN/SoY8thMk5Kg==",
      "dependencies": [
        "svgpath"
      ]
    },
    "svgpath@2.6.0": {
      "integrity": "sha512-OIWR6bKzXvdXYyO4DK/UWa1VA1JeKq8E+0ug2DG98Y/vOmMpfZNj+TIG988HjfYSqtcy/hFOtZq/n/j5GSESNg=="
    }
  },
  "workspace": {
    "dependencies": [
      "jsr:@std/assert@^1.0.11",
      "jsr:@std/http@^1.0.13",
      "npm:simple-icons@^14.6.0",
      "npm:svg-path-bbox@^2.1.0",
      "npm:svgpath@^2.6.0"
    ]
  }
}
