{
  "version": "5",
  "specifiers": {
    "jsr:@std/assert@^1.0.13": "1.0.13",
    "jsr:@std/cli@^1.0.20": "1.0.20",
    "jsr:@std/encoding@^1.0.10": "1.0.10",
    "jsr:@std/fmt@^1.0.8": "1.0.8",
    "jsr:@std/fs@^1.0.19": "1.0.19",
    "jsr:@std/html@^1.0.4": "1.0.4",
    "jsr:@std/http@^1.0.19": "1.0.19",
    "jsr:@std/internal@^1.0.6": "1.0.9",
    "jsr:@std/internal@^1.0.9": "1.0.9",
    "jsr:@std/media-types@^1.1.0": "1.1.0",
    "jsr:@std/net@^1.0.4": "1.0.4",
    "jsr:@std/path@^1.1.1": "1.1.1",
    "jsr:@std/streams@^1.0.10": "1.0.10",
    "npm:simple-icons@^15.5.0": "15.5.0",
    "npm:svg-path-bbox@^2.1.0": "2.1.0",
    "npm:svgpath@^2.6.0": "2.6.0"
  },
  "jsr": {
    "@std/assert@1.0.13": {
      "integrity": "ae0d31e41919b12c656c742b22522c32fb26ed0cba32975cb0de2a273cb68b29",
      "dependencies": [
        "jsr:@std/internal@^1.0.6"
      ]
    },
    "@std/cli@1.0.12": {
      "integrity": "e5cfb7814d189da174ecd7a34fbbd63f3513e24a1b307feb2fcd5da47a070d90"
    },
    "@std/cli@1.0.20": {
      "integrity": "a8c384a2c98cec6ec6a2055c273a916e2772485eb784af0db004c5ab8ba52333"
    },
    "@std/encoding@1.0.7": {
      "integrity": "f631247c1698fef289f2de9e2a33d571e46133b38d042905e3eac3715030a82d"
    },
    "@std/encoding@1.0.10": {
      "integrity": "8783c6384a2d13abd5e9e87a7ae0520a30e9f56aeeaa3bdf910a3eaaf5c811a1"
    },
    "@std/fmt@1.0.5": {
      "integrity": "0cfab43364bc36650d83c425cd6d99910fc20c4576631149f0f987eddede1a4d"
    },
    "@std/fmt@1.0.8": {
      "integrity": "71e1fc498787e4434d213647a6e43e794af4fd393ef8f52062246e06f7e372b7"
    },
    "@std/fs@1.0.19": {
      "integrity": "051968c2b1eae4d2ea9f79a08a3845740ef6af10356aff43d3e2ef11ed09fb06"
    },
    "@std/html@1.0.4": {
      "integrity": "eff3497c08164e6ada49b7f81a28b5108087033823153d065e3f89467dd3d50e"
    },
    "@std/http@1.0.19": {
      "integrity": "52128c8d00a1f0b20019f8b72376e7ef5f3133375b6f805b5bc89b9de2ad4686",
      "dependencies": [
        "jsr:@std/cli",
        "jsr:@std/encoding",
        "jsr:@std/fmt",
        "jsr:@std/fs",
        "jsr:@std/html",
        "jsr:@std/media-types",
        "jsr:@std/net",
        "jsr:@std/path",
        "jsr:@std/streams"
      ]
    },
    "@std/internal@1.0.6": {
      "integrity": "9533b128f230f73bd209408bb07a4b12f8d4255ab2a4d22a1fd6d87304aca9a4"
    },
    "@std/internal@1.0.7": {
      "integrity": "39eeb5265190a7bc5d5591c9ff019490bd1f2c3907c044a11b0d545796158a0f"
    },
    "@std/internal@1.0.8": {
      "integrity": "fc66e846d8d38a47cffd274d80d2ca3f0de71040f855783724bb6b87f60891f5"
    },
    "@std/internal@1.0.9": {
      "integrity": "bdfb97f83e4db7a13e8faab26fb1958d1b80cc64366501af78a0aee151696eb8"
    },
    "@std/media-types@1.1.0": {
      "integrity": "c9d093f0c05c3512932b330e3cc1fe1d627b301db33a4c2c2185c02471d6eaa4"
    },
    "@std/net@1.0.4": {
      "integrity": "2f403b455ebbccf83d8a027d29c5a9e3a2452fea39bb2da7f2c04af09c8bc852"
    },
    "@std/path@1.0.7": {
      "integrity": "76a689e07f0e15dcc6002ec39d0866797e7156629212b28f27179b8a5c3b33a1"
    },
    "@std/path@1.1.1": {
      "integrity": "fe00026bd3a7e6a27f73709b83c607798be40e20c81dde655ce34052fd82ec76",
      "dependencies": [
        "jsr:@std/internal@^1.0.9"
      ]
    },
    "@std/streams@1.0.7": {
      "integrity": "1a93917ca0c58c01b2bfb93647189229b1702677f169b6fb61ad6241cd2e499b"
    },
    "@std/streams@1.0.10": {
      "integrity": "75c0b1431873cd0d8b3d679015220204d36d3c7420d93b60acfc379eb0dc30af"
    }
  },
  "npm": {
    "simple-icons@15.5.0": {
      "integrity": "sha512-6Q8dz2aDi6I65TiUGVdxYfWXjoSwWgTCFX6pwsf1dPrlH8dewcn9gqrcZv7MwuPTN76m9HlDrKKobkDoX8YIHQ=="
    },
    "svg-path-bbox@2.1.0": {
      "integrity": "sha512-PEoSQFbBvL7FOCE4cN8Knej6L7bXdNkjPcUYsfMMpq0HpnqiO0sE2mcXTd7LX160aOyh5HbaeN/SoY8thMk5Kg==",
      "dependencies": [
        "svgpath"
      ],
      "bin": true
    },
    "svgpath@2.6.0": {
      "integrity": "sha512-OIWR6bKzXvdXYyO4DK/UWa1VA1JeKq8E+0ug2DG98Y/vOmMpfZNj+TIG988HjfYSqtcy/hFOtZq/n/j5GSESNg=="
    }
  },
  "workspace": {
    "dependencies": [
      "jsr:@std/assert@^1.0.13",
      "jsr:@std/http@^1.0.19",
      "npm:simple-icons@^15.5.0",
      "npm:svg-path-bbox@^2.1.0",
      "npm:svgpath@^2.6.0"
    ]
  }
}
